// !$*UTF8*$!
{
	archiveVersion = 1;
	classes = {
	};
	objectVersion = 50;
	objects = {

/* Begin PBXBuildFile section */
		EE4D0FE8279B2D8B0081B393 /* AppDelegate.swift in Sources */ = {isa = PBXBuildFile; fileRef = EE4D0FE7279B2D8B0081B393 /* AppDelegate.swift */; };
		EE4D0FEA279B2D8B0081B393 /* SceneDelegate.swift in Sources */ = {isa = PBXBuildFile; fileRef = EE4D0FE9279B2D8B0081B393 /* SceneDelegate.swift */; };
		EE4D0FEC279B2D8B0081B393 /* ViewController.swift in Sources */ = {isa = PBXBuildFile; fileRef = EE4D0FEB279B2D8B0081B393 /* ViewController.swift */; };
		EE4D0FEF279B2D8B0081B393 /* Main.storyboard in Resources */ = {isa = PBXBuildFile; fileRef = EE4D0FED279B2D8B0081B393 /* Main.storyboard */; };
		EE4D0FF2279B2D8B0081B393 /* WkWebView.xcdatamodeld in Sources */ = {isa = PBXBuildFile; fileRef = EE4D0FF0279B2D8B0081B393 /* WkWebView.xcdatamodeld */; };
		EE4D0FF4279B2D8D0081B393 /* Assets.xcassets in Resources */ = {isa = PBXBuildFile; fileRef = EE4D0FF3279B2D8D0081B393 /* Assets.xcassets */; };
		EE4D0FF7279B2D8D0081B393 /* LaunchScreen.storyboard in Resources */ = {isa = PBXBuildFile; fileRef = EE4D0FF5279B2D8D0081B393 /* LaunchScreen.storyboard */; };
		EE4D1002279B2D8D0081B393 /* WkWebViewTests.swift in Sources */ = {isa = PBXBuildFile; fileRef = EE4D1001279B2D8D0081B393 /* WkWebViewTests.swift */; };
		EE4D100D279B2D8D0081B393 /* WkWebViewUITests.swift in Sources */ = {isa = PBXBuildFile; fileRef = EE4D100C279B2D8D0081B393 /* WkWebViewUITests.swift */; };
/* End PBXBuildFile section */

/* Begin PBXContainerItemProxy section */
		EE4D0FFE279B2D8D0081B393 /* PBXContainerItemProxy */ = {
			isa = PBXContainerItemProxy;
			containerPortal = EE4D0FDC279B2D8B0081B393 /* Project object */;
			proxyType = 1;
			remoteGlobalIDString = EE4D0FE3279B2D8B0081B393;
			remoteInfo = WkWebView;
		};
		EE4D1009279B2D8D0081B393 /* PBXContainerItemProxy */ = {
			isa = PBXContainerItemProxy;
			containerPortal = EE4D0FDC279B2D8B0081B393 /* Project object */;
			proxyType = 1;
			remoteGlobalIDString = EE4D0FE3279B2D8B0081B393;
			remoteInfo = WkWebView;
		};
/* End PBXContainerItemProxy section */

/* Begin PBXFileReference section */
		EE4D0FE4279B2D8B0081B393 /* WkWebView.app */ = {isa = PBXFileReference; explicitFileType = wrapper.application; includeInIndex = 0; path = WkWebView.app; sourceTree = BUILT_PRODUCTS_DIR; };
		EE4D0FE7279B2D8B0081B393 /* AppDelegate.swift */ = {isa = PBXFileReference; lastKnownFileType = sourcecode.swift; path = AppDelegate.swift; sourceTree = "<group>"; };
		EE4D0FE9279B2D8B0081B393 /* SceneDelegate.swift */ = {isa = PBXFileReference; lastKnownFileType = sourcecode.swift; path = SceneDelegate.swift; sourceTree = "<group>"; };
		EE4D0FEB279B2D8B0081B393 /* ViewController.swift */ = {isa = PBXFileReference; lastKnownFileType = sourcecode.swift; path = ViewController.swift; sourceTree = "<group>"; };
		EE4D0FEE279B2D8B0081B393 /* Base */ = {isa = PBXFileReference; lastKnownFileType = file.storyboard; name = Base; path = Base.lproj/Main.storyboard; sourceTree = "<group>"; };
		EE4D0FF1279B2D8B0081B393 /* WkWebView.xcdatamodel */ = {isa = PBXFileReference; lastKnownFileType = wrapper.xcdatamodel; path = WkWebView.xcdatamodel; sourceTree = "<group>"; };
		EE4D0FF3279B2D8D0081B393 /* Assets.xcassets */ = {isa = PBXFileReference; lastKnownFileType = folder.assetcatalog; path = Assets.xcassets; sourceTree = "<group>"; };
		EE4D0FF6279B2D8D0081B393 /* Base */ = {isa = PBXFileReference; lastKnownFileType = file.storyboard; name = Base; path = Base.lproj/LaunchScreen.storyboard; sourceTree = "<group>"; };
		EE4D0FF8279B2D8D0081B393 /* Info.plist */ = {isa = PBXFileReference; lastKnownFileType = text.plist.xml; path = Info.plist; sourceTree = "<group>"; };
		EE4D0FFD279B2D8D0081B393 /* WkWebViewTests.xctest */ = {isa = PBXFileReference; explicitFileType = wrapper.cfbundle; includeInIndex = 0; path = WkWebViewTests.xctest; sourceTree = BUILT_PRODUCTS_DIR; };
		EE4D1001279B2D8D0081B393 /* WkWebViewTests.swift */ = {isa = PBXFileReference; lastKnownFileType = sourcecode.swift; path = WkWebViewTests.swift; sourceTree = "<group>"; };
		EE4D1003279B2D8D0081B393 /* Info.plist */ = {isa = PBXFileReference; lastKnownFileType = text.plist.xml; path = Info.plist; sourceTree = "<group>"; };
		EE4D1008279B2D8D0081B393 /* WkWebViewUITests.xctest */ = {isa = PBXFileReference; explicitFileType = wrapper.cfbundle; includeInIndex = 0; path = WkWebViewUITests.xctest; sourceTree = BUILT_PRODUCTS_DIR; };
		EE4D100C279B2D8D0081B393 /* WkWebViewUITests.swift */ = {isa = PBXFileReference; lastKnownFileType = sourcecode.swift; path = WkWebViewUITests.swift; sourceTree = "<group>"; };
		EE4D100E279B2D8D0081B393 /* Info.plist */ = {isa = PBXFileReference; lastKnownFileType = text.plist.xml; path = Info.plist; sourceTree = "<group>"; };
/* End PBXFileReference section */

/* Begin PBXFrameworksBuildPhase section */
		EE4D0FE1279B2D8B0081B393 /* Frameworks */ = {
			isa = PBXFrameworksBuildPhase;
			buildActionMask = 2147483647;
			files = (
			);
			runOnlyForDeploymentPostprocessing = 0;
		};
		EE4D0FFA279B2D8D0081B393 /* Frameworks */ = {
			isa = PBXFrameworksBuildPhase;
			buildActionMask = 2147483647;
			files = (
			);
			runOnlyForDeploymentPostprocessing = 0;
		};
		EE4D1005279B2D8D0081B393 /* Frameworks */ = {
			isa = PBXFrameworksBuildPhase;
			buildActionMask = 2147483647;
			files = (
			);
			runOnlyForDeploymentPostprocessing = 0;
		};
/* End PBXFrameworksBuildPhase section */

/* Begin PBXGroup section */
		EE4D0FDB279B2D8B0081B393 = {
			isa = PBXGroup;
			children = (
				EE4D0FE6279B2D8B0081B393 /* WkWebView */,
				EE4D1000279B2D8D0081B393 /* WkWebViewTests */,
				EE4D100B279B2D8D0081B393 /* WkWebViewUITests */,
				EE4D0FE5279B2D8B0081B393 /* Products */,
			);
			sourceTree = "<group>";
		};
		EE4D0FE5279B2D8B0081B393 /* Products */ = {
			isa = PBXGroup;
			children = (
				EE4D0FE4279B2D8B0081B393 /* WkWebView.app */,
				EE4D0FFD279B2D8D0081B393 /* WkWebViewTests.xctest */,
				EE4D1008279B2D8D0081B393 /* WkWebViewUITests.xctest */,
			);
			name = Products;
			sourceTree = "<group>";
		};
		EE4D0FE6279B2D8B0081B393 /* WkWebView */ = {
			isa = PBXGroup;
			children = (
				EE4D0FE7279B2D8B0081B393 /* AppDelegate.swift */,
				EE4D0FE9279B2D8B0081B393 /* SceneDelegate.swift */,
				EE4D0FEB279B2D8B0081B393 /* ViewController.swift */,
				EE4D0FED279B2D8B0081B393 /* Main.storyboard */,
				EE4D0FF3279B2D8D0081B393 /* Assets.xcassets */,
				EE4D0FF5279B2D8D0081B393 /* LaunchScreen.storyboard */,
				EE4D0FF8279B2D8D0081B393 /* Info.plist */,
				EE4D0FF0279B2D8B0081B393 /* WkWebView.xcdatamodeld */,
			);
			path = WkWebView;
			sourceTree = "<group>";
		};
		EE4D1000279B2D8D0081B393 /* WkWebViewTests */ = {
			isa = PBXGroup;
			children = (
				EE4D1001279B2D8D0081B393 /* WkWebViewTests.swift */,
				EE4D1003279B2D8D0081B393 /* Info.plist */,
			);
			path = WkWebViewTests;
			sourceTree = "<group>";
		};
		EE4D100B279B2D8D0081B393 /* WkWebViewUITests */ = {
			isa = PBXGroup;
			children = (
				EE4D100C279B2D8D0081B393 /* WkWebViewUITests.swift */,
				EE4D100E279B2D8D0081B393 /* Info.plist */,
			);
			path = WkWebViewUITests;
			sourceTree = "<group>";
		};
/* End PBXGroup section */

/* Begin PBXNativeTarget section */
		EE4D0FE3279B2D8B0081B393 /* WkWebView */ = {
			isa = PBXNativeTarget;
			buildConfigurationList = EE4D1011279B2D8D0081B393 /* Build configuration list for PBXNativeTarget "WkWebView" */;
			buildPhases = (
				EE4D0FE0279B2D8B0081B393 /* Sources */,
				EE4D0FE1279B2D8B0081B393 /* Frameworks */,
				EE4D0FE2279B2D8B0081B393 /* Resources */,
			);
			buildRules = (
			);
			dependencies = (
			);
			name = WkWebView;
			productName = WkWebView;
			productReference = EE4D0FE4279B2D8B0081B393 /* WkWebView.app */;
			productType = "com.apple.product-type.application";
		};
		EE4D0FFC279B2D8D0081B393 /* WkWebViewTests */ = {
			isa = PBXNativeTarget;
			buildConfigurationList = EE4D1014279B2D8D0081B393 /* Build configuration list for PBXNativeTarget "WkWebViewTests" */;
			buildPhases = (
				EE4D0FF9279B2D8D0081B393 /* Sources */,
				EE4D0FFA279B2D8D0081B393 /* Frameworks */,
				EE4D0FFB279B2D8D0081B393 /* Resources */,
			);
			buildRules = (
			);
			dependencies = (
				EE4D0FFF279B2D8D0081B393 /* PBXTargetDependency */,
			);
			name = WkWebViewTests;
			productName = WkWebViewTests;
			productReference = EE4D0FFD279B2D8D0081B393 /* WkWebViewTests.xctest */;
			productType = "com.apple.product-type.bundle.unit-test";
		};
		EE4D1007279B2D8D0081B393 /* WkWebViewUITests */ = {
			isa = PBXNativeTarget;
			buildConfigurationList = EE4D1017279B2D8D0081B393 /* Build configuration list for PBXNativeTarget "WkWebViewUITests" */;
			buildPhases = (
				EE4D1004279B2D8D0081B393 /* Sources */,
				EE4D1005279B2D8D0081B393 /* Frameworks */,
				EE4D1006279B2D8D0081B393 /* Resources */,
			);
			buildRules = (
			);
			dependencies = (
				EE4D100A279B2D8D0081B393 /* PBXTargetDependency */,
			);
			name = WkWebViewUITests;
			productName = WkWebViewUITests;
			productReference = EE4D1008279B2D8D0081B393 /* WkWebViewUITests.xctest */;
			productType = "com.apple.product-type.bundle.ui-testing";
		};
/* End PBXNativeTarget section */

/* Begin PBXProject section */
		EE4D0FDC279B2D8B0081B393 /* Project object */ = {
			isa = PBXProject;
			attributes = {
				LastSwiftUpdateCheck = 1250;
				LastUpgradeCheck = 1250;
				TargetAttributes = {
					EE4D0FE3279B2D8B0081B393 = {
						CreatedOnToolsVersion = 12.5;
					};
					EE4D0FFC279B2D8D0081B393 = {
						CreatedOnToolsVersion = 12.5;
						TestTargetID = EE4D0FE3279B2D8B0081B393;
					};
					EE4D1007279B2D8D0081B393 = {
						CreatedOnToolsVersion = 12.5;
						TestTargetID = EE4D0FE3279B2D8B0081B393;
					};
				};
			};
			buildConfigurationList = EE4D0FDF279B2D8B0081B393 /* Build configuration list for PBXProject "WkWebView" */;
			compatibilityVersion = "Xcode 9.3";
			developmentRegion = en;
			hasScannedForEncodings = 0;
			knownRegions = (
				en,
				Base,
			);
			mainGroup = EE4D0FDB279B2D8B0081B393;
			productRefGroup = EE4D0FE5279B2D8B0081B393 /* Products */;
			projectDirPath = "";
			projectRoot = "";
			targets = (
				EE4D0FE3279B2D8B0081B393 /* WkWebView */,
				EE4D0FFC279B2D8D0081B393 /* WkWebViewTests */,
				EE4D1007279B2D8D0081B393 /* WkWebViewUITests */,
			);
		};
/* End PBXProject section */

/* Begin PBXResourcesBuildPhase section */
		EE4D0FE2279B2D8B0081B393 /* Resources */ = {
			isa = PBXResourcesBuildPhase;
			buildActionMask = 2147483647;
			files = (
				EE4D0FF7279B2D8D0081B393 /* LaunchScreen.storyboard in Resources */,
				EE4D0FF4279B2D8D0081B393 /* Assets.xcassets in Resources */,
				EE4D0FEF279B2D8B0081B393 /* Main.storyboard in Resources */,
			);
			runOnlyForDeploymentPostprocessing = 0;
		};
		EE4D0FFB279B2D8D0081B393 /* Resources */ = {
			isa = PBXResourcesBuildPhase;
			buildActionMask = 2147483647;
			files = (
			);
			runOnlyForDeploymentPostprocessing = 0;
		};
		EE4D1006279B2D8D0081B393 /* Resources */ = {
			isa = PBXResourcesBuildPhase;
			buildActionMask = 2147483647;
			files = (
			);
			runOnlyForDeploymentPostprocessing = 0;
		};
/* End PBXResourcesBuildPhase section */

/* Begin PBXSourcesBuildPhase section */
		EE4D0FE0279B2D8B0081B393 /* Sources */ = {
			isa = PBXSourcesBuildPhase;
			buildActionMask = 2147483647;
			files = (
				EE4D0FEC279B2D8B0081B393 /* ViewController.swift in Sources */,
				EE4D0FF2279B2D8B0081B393 /* WkWebView.xcdatamodeld in Sources */,
				EE4D0FE8279B2D8B0081B393 /* AppDelegate.swift in Sources */,
				EE4D0FEA279B2D8B0081B393 /* SceneDelegate.swift in Sources */,
			);
			runOnlyForDeploymentPostprocessing = 0;
		};
		EE4D0FF9279B2D8D0081B393 /* Sources */ = {
			isa = PBXSourcesBuildPhase;
			buildActionMask = 2147483647;
			files = (
				EE4D1002279B2D8D0081B393 /* WkWebViewTests.swift in Sources */,
			);
			runOnlyForDeploymentPostprocessing = 0;
		};
		EE4D1004279B2D8D0081B393 /* Sources */ = {
			isa = PBXSourcesBuildPhase;
			buildActionMask = 2147483647;
			files = (
				EE4D100D279B2D8D0081B393 /* WkWebViewUITests.swift in Sources */,
			);
			runOnlyForDeploymentPostprocessing = 0;
		};
/* End PBXSourcesBuildPhase section */

/* Begin PBXTargetDependency section */
		EE4D0FFF279B2D8D0081B393 /* PBXTargetDependency */ = {
			isa = PBXTargetDependency;
			target = EE4D0FE3279B2D8B0081B393 /* WkWebView */;
			targetProxy = EE4D0FFE279B2D8D0081B393 /* PBXContainerItemProxy */;
		};
		EE4D100A279B2D8D0081B393 /* PBXTargetDependency */ = {
			isa = PBXTargetDependency;
			target = EE4D0FE3279B2D8B0081B393 /* WkWebView */;
			targetProxy = EE4D1009279B2D8D0081B393 /* PBXContainerItemProxy */;
		};
/* End PBXTargetDependency section */

/* Begin PBXVariantGroup section */
		EE4D0FED279B2D8B0081B393 /* Main.storyboard */ = {
			isa = PBXVariantGroup;
			children = (
				EE4D0FEE279B2D8B0081B393 /* Base */,
			);
			name = Main.storyboard;
			sourceTree = "<group>";
		};
		EE4D0FF5279B2D8D0081B393 /* LaunchScreen.storyboard */ = {
			isa = PBXVariantGroup;
			children = (
				EE4D0FF6279B2D8D0081B393 /* Base */,
			);
			name = LaunchScreen.storyboard;
			sourceTree = "<group>";
		};
/* End PBXVariantGroup section */

/* Begin XCBuildConfiguration section */
		EE4D100F279B2D8D0081B393 /* Debug */ = {
			isa = XCBuildConfiguration;
			buildSettings = {
				ALWAYS_SEARCH_USER_PATHS = NO;
				CLANG_ANALYZER_NONNULL = YES;
				CLANG_ANALYZER_NUMBER_OBJECT_CONVERSION = YES_AGGRESSIVE;
				CLANG_CXX_LANGUAGE_STANDARD = "gnu++14";
				CLANG_CXX_LIBRARY = "libc++";
				CLANG_ENABLE_MODULES = YES;
				CLANG_ENABLE_OBJC_ARC = YES;
				CLANG_ENABLE_OBJC_WEAK = YES;
				CLANG_WARN_BLOCK_CAPTURE_AUTORELEASING = YES;
				CLANG_WARN_BOOL_CONVERSION = YES;
				CLANG_WARN_COMMA = YES;
				CLANG_WARN_CONSTANT_CONVERSION = YES;
				CLANG_WARN_DEPRECATED_OBJC_IMPLEMENTATIONS = YES;
				CLANG_WARN_DIRECT_OBJC_ISA_USAGE = YES_ERROR;
				CLANG_WARN_DOCUMENTATION_COMMENTS = YES;
				CLANG_WARN_EMPTY_BODY = YES;
				CLANG_WARN_ENUM_CONVERSION = YES;
				CLANG_WARN_INFINITE_RECURSION = YES;
				CLANG_WARN_INT_CONVERSION = YES;
				CLANG_WARN_NON_LITERAL_NULL_CONVERSION = YES;
				CLANG_WARN_OBJC_IMPLICIT_RETAIN_SELF = YES;
				CLANG_WARN_OBJC_LITERAL_CONVERSION = YES;
				CLANG_WARN_OBJC_ROOT_CLASS = YES_ERROR;
				CLANG_WARN_QUOTED_INCLUDE_IN_FRAMEWORK_HEADER = YES;
				CLANG_WARN_RANGE_LOOP_ANALYSIS = YES;
				CLANG_WARN_STRICT_PROTOTYPES = YES;
				CLANG_WARN_SUSPICIOUS_MOVE = YES;
				CLANG_WARN_UNGUARDED_AVAILABILITY = YES_AGGRESSIVE;
				CLANG_WARN_UNREACHABLE_CODE = YES;
				CLANG_WARN__DUPLICATE_METHOD_MATCH = YES;
				COPY_PHASE_STRIP = NO;
				DEBUG_INFORMATION_FORMAT = dwarf;
				ENABLE_STRICT_OBJC_MSGSEND = YES;
				ENABLE_TESTABILITY = YES;
				GCC_C_LANGUAGE_STANDARD = gnu11;
				GCC_DYNAMIC_NO_PIC = NO;
				GCC_NO_COMMON_BLOCKS = YES;
				GCC_OPTIMIZATION_LEVEL = 0;
				GCC_PREPROCESSOR_DEFINITIONS = (
					"DEBUG=1",
					"$(inherited)",
				);
				GCC_WARN_64_TO_32_BIT_CONVERSION = YES;
				GCC_WARN_ABOUT_RETURN_TYPE = YES_ERROR;
				GCC_WARN_UNDECLARED_SELECTOR = YES;
				GCC_WARN_UNINITIALIZED_AUTOS = YES_AGGRESSIVE;
				GCC_WARN_UNUSED_FUNCTION = YES;
				GCC_WARN_UNUSED_VARIABLE = YES;
				IPHONEOS_DEPLOYMENT_TARGET = 14.5;
				MTL_ENABLE_DEBUG_INFO = INCLUDE_SOURCE;
				MTL_FAST_MATH = YES;
				ONLY_ACTIVE_ARCH = YES;
				SDKROOT = iphoneos;
				SWIFT_ACTIVE_COMPILATION_CONDITIONS = DEBUG;
				SWIFT_OPTIMIZATION_LEVEL = "-Onone";
			};
			name = Debug;
		};
		EE4D1010279B2D8D0081B393 /* Release */ = {
			isa = XCBuildConfiguration;
			buildSettings = {
				ALWAYS_SEARCH_USER_PATHS = NO;
				CLANG_ANALYZER_NONNULL = YES;
				CLANG_ANALYZER_NUMBER_OBJECT_CONVERSION = YES_AGGRESSIVE;
				CLANG_CXX_LANGUAGE_STANDARD = "gnu++14";
				CLANG_CXX_LIBRARY = "libc++";
				CLANG_ENABLE_MODULES = YES;
				CLANG_ENABLE_OBJC_ARC = YES;
				CLANG_ENABLE_OBJC_WEAK = YES;
				CLANG_WARN_BLOCK_CAPTURE_AUTORELEASING = YES;
				CLANG_WARN_BOOL_CONVERSION = YES;
				CLANG_WARN_COMMA = YES;
				CLANG_WARN_CONSTANT_CONVERSION = YES;
				CLANG_WARN_DEPRECATED_OBJC_IMPLEMENTATIONS = YES;
				CLANG_WARN_DIRECT_OBJC_ISA_USAGE = YES_ERROR;
				CLANG_WARN_DOCUMENTATION_COMMENTS = YES;
				CLANG_WARN_EMPTY_BODY = YES;
				CLANG_WARN_ENUM_CONVERSION = YES;
				CLANG_WARN_INFINITE_RECURSION = YES;
				CLANG_WARN_INT_CONVERSION = YES;
				CLANG_WARN_NON_LITERAL_NULL_CONVERSION = YES;
				CLANG_WARN_OBJC_IMPLICIT_RETAIN_SELF = YES;
				CLANG_WARN_OBJC_LITERAL_CONVERSION = YES;
				CLANG_WARN_OBJC_ROOT_CLASS = YES_ERROR;
				CLANG_WARN_QUOTED_INCLUDE_IN_FRAMEWORK_HEADER = YES;
				CLANG_WARN_RANGE_LOOP_ANALYSIS = YES;
				CLANG_WARN_STRICT_PROTOTYPES = YES;
				CLANG_WARN_SUSPICIOUS_MOVE = YES;
				CLANG_WARN_UNGUARDED_AVAILABILITY = YES_AGGRESSIVE;
				CLANG_WARN_UNREACHABLE_CODE = YES;
				CLANG_WARN__DUPLICATE_METHOD_MATCH = YES;
				COPY_PHASE_STRIP = NO;
				DEBUG_INFORMATION_FORMAT = "dwarf-with-dsym";
				ENABLE_NS_ASSERTIONS = NO;
				ENABLE_STRICT_OBJC_MSGSEND = YES;
				GCC_C_LANGUAGE_STANDARD = gnu11;
				GCC_NO_COMMON_BLOCKS = YES;
				GCC_WARN_64_TO_32_BIT_CONVERSION = YES;
				GCC_WARN_ABOUT_RETURN_TYPE = YES_ERROR;
				GCC_WARN_UNDECLARED_SELECTOR = YES;
				GCC_WARN_UNINITIALIZED_AUTOS = YES_AGGRESSIVE;
				GCC_WARN_UNUSED_FUNCTION = YES;
				GCC_WARN_UNUSED_VARIABLE = YES;
				IPHONEOS_DEPLOYMENT_TARGET = 14.5;
				MTL_ENABLE_DEBUG_INFO = NO;
				MTL_FAST_MATH = YES;
				SDKROOT = iphoneos;
				SWIFT_COMPILATION_MODE = wholemodule;
				SWIFT_OPTIMIZATION_LEVEL = "-O";
				VALIDATE_PRODUCT = YES;
			};
			name = Release;
		};
		EE4D1012279B2D8D0081B393 /* Debug */ = {
			isa = XCBuildConfiguration;
			buildSettings = {
				ASSETCATALOG_COMPILER_APPICON_NAME = AppIcon;
				ASSETCATALOG_COMPILER_GLOBAL_ACCENT_COLOR_NAME = AccentColor;
				CODE_SIGN_STYLE = Automatic;
				INFOPLIST_FILE = WkWebView/Info.plist;
				LD_RUNPATH_SEARCH_PATHS = (
					"$(inherited)",
					"@executable_path/Frameworks",
				);
				PRODUCT_BUNDLE_IDENTIFIER = com.prakash.WkWebView;
				PRODUCT_NAME = "$(TARGET_NAME)";
				SWIFT_VERSION = 5.0;
				TARGETED_DEVICE_FAMILY = "1,2";
			};
			name = Debug;
		};
		EE4D1013279B2D8D0081B393 /* Release */ = {
			isa = XCBuildConfiguration;
			buildSettings = {
				ASSETCATALOG_COMPILER_APPICON_NAME = AppIcon;
				ASSETCATALOG_COMPILER_GLOBAL_ACCENT_COLOR_NAME = AccentColor;
				CODE_SIGN_STYLE = Automatic;
				INFOPLIST_FILE = WkWebView/Info.plist;
				LD_RUNPATH_SEARCH_PATHS = (
					"$(inherited)",
					"@executable_path/Frameworks",
				);
				PRODUCT_BUNDLE_IDENTIFIER = com.prakash.WkWebView;
				PRODUCT_NAME = "$(TARGET_NAME)";
				SWIFT_VERSION = 5.0;
				TARGETED_DEVICE_FAMILY = "1,2";
			};
			name = Release;
		};
		EE4D1015279B2D8D0081B393 /* Debug */ = {
			isa = XCBuildConfiguration;
			buildSettings = {
				ALWAYS_EMBED_SWIFT_STANDARD_LIBRARIES = YES;
				BUNDLE_LOADER = "$(TEST_HOST)";
				CODE_SIGN_STYLE = Automatic;
				INFOPLIST_FILE = WkWebViewTests/Info.plist;
				IPHONEOS_DEPLOYMENT_TARGET = 14.5;
				LD_RUNPATH_SEARCH_PATHS = (
					"$(inherited)",
					"@executable_path/Frameworks",
					"@loader_path/Frameworks",
				);
				PRODUCT_BUNDLE_IDENTIFIER = com.prakash.WkWebViewTests;
				PRODUCT_NAME = "$(TARGET_NAME)";
				SWIFT_VERSION = 5.0;
				TARGETED_DEVICE_FAMILY = "1,2";
				TEST_HOST = "$(BUILT_PRODUCTS_DIR)/WkWebView.app/WkWebView";
			};
			name = Debug;
		};
		EE4D1016279B2D8D0081B393 /* Release */ = {
			isa = XCBuildConfiguration;
			buildSettings = {
				ALWAYS_EMBED_SWIFT_STANDARD_LIBRARIES = YES;
				BUNDLE_LOADER = "$(TEST_HOST)";
				CODE_SIGN_STYLE = Automatic;
				INFOPLIST_FILE = WkWebViewTests/Info.plist;
				IPHONEOS_DEPLOYMENT_TARGET = 14.5;
				LD_RUNPATH_SEARCH_PATHS = (
					"$(inherited)",
					"@executable_path/Frameworks",
					"@loader_path/Frameworks",
				);
				PRODUCT_BUNDLE_IDENTIFIER = com.prakash.WkWebViewTests;
				PRODUCT_NAME = "$(TARGET_NAME)";
				SWIFT_VERSION = 5.0;
				TARGETED_DEVICE_FAMILY = "1,2";
				TEST_HOST = "$(BUILT_PRODUCTS_DIR)/WkWebView.app/WkWebView";
			};
			name = Release;
		};
		EE4D1018279B2D8D0081B393 /* Debug */ = {
			isa = XCBuildConfiguration;
			buildSettings = {
				ALWAYS_EMBED_SWIFT_STANDARD_LIBRARIES = YES;
				CODE_SIGN_STYLE = Automatic;
				INFOPLIST_FILE = WkWebViewUITests/Info.plist;
				LD_RUNPATH_SEARCH_PATHS = (
					"$(inherited)",
					"@executable_path/Frameworks",
					"@loader_path/Frameworks",
				);
				PRODUCT_BUNDLE_IDENTIFIER = com.prakash.WkWebViewUITests;
				PRODUCT_NAME = "$(TARGET_NAME)";
				SWIFT_VERSION = 5.0;
				TARGETED_DEVICE_FAMILY = "1,2";
				TEST_TARGET_NAME = WkWebView;
			};
			name = Debug;
		};
		EE4D1019279B2D8D0081B393 /* Release */ = {
			isa = XCBuildConfiguration;
			buildSettings = {
				ALWAYS_EMBED_SWIFT_STANDARD_LIBRARIES = YES;
				CODE_SIGN_STYLE = Automatic;
				INFOPLIST_FILE = WkWebViewUITests/Info.plist;
				LD_RUNPATH_SEARCH_PATHS = (
					"$(inherited)",
					"@executable_path/Frameworks",
					"@loader_path/Frameworks",
				);
				PRODUCT_BUNDLE_IDENTIFIER = com.prakash.WkWebViewUITests;
				PRODUCT_NAME = "$(TARGET_NAME)";
				SWIFT_VERSION = 5.0;
				TARGETED_DEVICE_FAMILY = "1,2";
				TEST_TARGET_NAME = WkWebView;
			};
			name = Release;
		};
/* End XCBuildConfiguration section */

/* Begin XCConfigurationList section */
		EE4D0FDF279B2D8B0081B393 /* Build configuration list for PBXProject "WkWebView" */ = {
			isa = XCConfigurationList;
			buildConfigurations = (
				EE4D100F279B2D8D0081B393 /* Debug */,
				EE4D1010279B2D8D0081B393 /* Release */,
			);
			defaultConfigurationIsVisible = 0;
			defaultConfigurationName = Release;
		};
		EE4D1011279B2D8D0081B393 /* Build configuration list for PBXNativeTarget "WkWebView" */ = {
			isa = XCConfigurationList;
			buildConfigurations = (
				EE4D1012279B2D8D0081B393 /* Debug */,
				EE4D1013279B2D8D0081B393 /* Release */,
			);
			defaultConfigurationIsVisible = 0;
			defaultConfigurationName = Release;
		};
		EE4D1014279B2D8D0081B393 /* Build configuration list for PBXNativeTarget "WkWebViewTests" */ = {
			isa = XCConfigurationList;
			buildConfigurations = (
				EE4D1015279B2D8D0081B393 /* Debug */,
				EE4D1016279B2D8D0081B393 /* Release */,
			);
			defaultConfigurationIsVisible = 0;
			defaultConfigurationName = Release;
		};
		EE4D1017279B2D8D0081B393 /* Build configuration list for PBXNativeTarget "WkWebViewUITests" */ = {
			isa = XCConfigurationList;
			buildConfigurations = (
				EE4D1018279B2D8D0081B393 /* Debug */,
				EE4D1019279B2D8D0081B393 /* Release */,
			);
			defaultConfigurationIsVisible = 0;
			defaultConfigurationName = Release;
		};
/* End XCConfigurationList section */

/* Begin XCVersionGroup section */
		EE4D0FF0279B2D8B0081B393 /* WkWebView.xcdatamodeld */ = {
			isa = XCVersionGroup;
			children = (
				EE4D0FF1279B2D8B0081B393 /* WkWebView.xcdatamodel */,
			);
			currentVersion = EE4D0FF1279B2D8B0081B393 /* WkWebView.xcdatamodel */;
			path = WkWebView.xcdatamodeld;
			sourceTree = "<group>";
			versionGroupType = wrapper.xcdatamodel;
		};
/* End XCVersionGroup section */
	};
	rootObject = EE4D0FDC279B2D8B0081B393 /* Project object */;
}
